// !$*UTF8*$!
{
	archiveVersion = 1;
	classes = {
	};
	objectVersion = 55;
	objects = {

/* Begin PBXBuildFile section */
		17091C8328EEA689006007B5 /* SettingsView.swift in Sources */ = {isa = PBXBuildFile; fileRef = 17091C8228EEA689006007B5 /* SettingsView.swift */; };
		17091C8528EEA73C006007B5 /* CrashLogView.swift in Sources */ = {isa = PBXBuildFile; fileRef = 17091C8428EEA73C006007B5 /* CrashLogView.swift */; };
		1723514E292D24690000BB6E /* TextEmergencyContact.swift in Sources */ = {isa = PBXBuildFile; fileRef = 1723514D292D24690000BB6E /* TextEmergencyContact.swift */; };
		172BE740291B674B0076B0F0 /* CrashStore.swift in Sources */ = {isa = PBXBuildFile; fileRef = 172BE73F291B674B0076B0F0 /* CrashStore.swift */; };
		177D734528FDA93E001B5F11 /* CrashCard.swift in Sources */ = {isa = PBXBuildFile; fileRef = 177D734428FDA93E001B5F11 /* CrashCard.swift */; };
		177D734728FDDBA8001B5F11 /* CrashView.swift in Sources */ = {isa = PBXBuildFile; fileRef = 177D734628FDDBA8001B5F11 /* CrashView.swift */; };
		178A204D292D2BA90095C00F /* Alamofire in Frameworks */ = {isa = PBXBuildFile; productRef = 178A204C292D2BA90095C00F /* Alamofire */; };
		1E275D5F2910A79B007964B9 /* SettingsActivityProfilesView.swift in Sources */ = {isa = PBXBuildFile; fileRef = 1E275D5E2910A79B007964B9 /* SettingsActivityProfilesView.swift */; };
		1E3E8A082926F8C40077F008 /* SettingsEmergencyContactsViewModel.swift in Sources */ = {isa = PBXBuildFile; fileRef = 1E3E8A072926F8C40077F008 /* SettingsEmergencyContactsViewModel.swift */; };
		1E3E8A0A29270E100077F008 /* SettingsStore.swift in Sources */ = {isa = PBXBuildFile; fileRef = 1E3E8A0929270E100077F008 /* SettingsStore.swift */; };
		1E52BF432912043B0072643F /* SettingEmergencyContactsView.swift in Sources */ = {isa = PBXBuildFile; fileRef = 1E52BF422912043B0072643F /* SettingEmergencyContactsView.swift */; };
		1E52BF45291204B60072643F /* SettingDebugSubView.swift in Sources */ = {isa = PBXBuildFile; fileRef = 1E52BF44291204B60072643F /* SettingDebugSubView.swift */; };
		1E83191C29256B19003E9D2E /* SettingsModel.swift in Sources */ = {isa = PBXBuildFile; fileRef = 1E83191B29256B19003E9D2E /* SettingsModel.swift */; };
		1E83191E29256DB5003E9D2E /* DebugModel.swift in Sources */ = {isa = PBXBuildFile; fileRef = 1E83191D29256DB5003E9D2E /* DebugModel.swift */; };
		1E831920292570BA003E9D2E /* EmergencyContactsModel.swift in Sources */ = {isa = PBXBuildFile; fileRef = 1E83191F292570BA003E9D2E /* EmergencyContactsModel.swift */; };
		1E83192429258C00003E9D2E /* SettingsActivitiesProfilesViewModel.swift in Sources */ = {isa = PBXBuildFile; fileRef = 1E83192329258C00003E9D2E /* SettingsActivitiesProfilesViewModel.swift */; };
		1E83192629259B7A003E9D2E /* SettingDebugViewModel.swift in Sources */ = {isa = PBXBuildFile; fileRef = 1E83192529259B7A003E9D2E /* SettingDebugViewModel.swift */; };
		1E8E285A2929885800F286AB /* SettingsViewModel.swift in Sources */ = {isa = PBXBuildFile; fileRef = 1E8E28592929885800F286AB /* SettingsViewModel.swift */; };
		1EFF69D3292545E90082C8F8 /* ActivityProfilesModel.swift in Sources */ = {isa = PBXBuildFile; fileRef = 1EFF69D2292545E90082C8F8 /* ActivityProfilesModel.swift */; };
		4A4CB8102925CF070085A315 /* AssetColors.swift in Sources */ = {isa = PBXBuildFile; fileRef = 4A4CB80F2925CF060085A315 /* AssetColors.swift */; };
		4A4CB8122926B9260085A315 /* PeripheralDataModel.swift in Sources */ = {isa = PBXBuildFile; fileRef = 4A4CB8112926B9260085A315 /* PeripheralDataModel.swift */; };
		4A5472182906013F00B7FEE7 /* BluetoothLECentral.swift in Sources */ = {isa = PBXBuildFile; fileRef = 4A5472172906013F00B7FEE7 /* BluetoothLECentral.swift */; };
		4A54721B2906019F00B7FEE7 /* CoreBluetooth.framework in Frameworks */ = {isa = PBXBuildFile; fileRef = 4A54721A2906019E00B7FEE7 /* CoreBluetooth.framework */; };
		4A54721E2906091A00B7FEE7 /* HomepageViewModel.swift in Sources */ = {isa = PBXBuildFile; fileRef = 4A54721D2906091A00B7FEE7 /* HomepageViewModel.swift */; };
		4A5936162935580E008A2CF5 /* LocationManager.swift in Sources */ = {isa = PBXBuildFile; fileRef = 4A5936152935580E008A2CF5 /* LocationManager.swift */; };
		4A59361829355977008A2CF5 /* CoreLocation.framework in Frameworks */ = {isa = PBXBuildFile; fileRef = 4A59361729355976008A2CF5 /* CoreLocation.framework */; };
		4A9F202B28CFC0550068BB24 /* CrashBuddyApp.swift in Sources */ = {isa = PBXBuildFile; fileRef = 4A9F202A28CFC0550068BB24 /* CrashBuddyApp.swift */; };
		4A9F202D28CFC0550068BB24 /* ContentView.swift in Sources */ = {isa = PBXBuildFile; fileRef = 4A9F202C28CFC0550068BB24 /* ContentView.swift */; };
		4A9F202F28CFC0560068BB24 /* Assets.xcassets in Resources */ = {isa = PBXBuildFile; fileRef = 4A9F202E28CFC0560068BB24 /* Assets.xcassets */; };
		4A9F203228CFC0560068BB24 /* Preview Assets.xcassets in Resources */ = {isa = PBXBuildFile; fileRef = 4A9F203128CFC0560068BB24 /* Preview Assets.xcassets */; };
		4AF540DD28F8B020006A4040 /* CrashChart.swift in Sources */ = {isa = PBXBuildFile; fileRef = 4AF540DC28F8B020006A4040 /* CrashChart.swift */; };
		4AF540DF28F8CB42006A4040 /* CrashDataModel.swift in Sources */ = {isa = PBXBuildFile; fileRef = 4AF540DE28F8CB42006A4040 /* CrashDataModel.swift */; };
		4AF540E128F8E0F0006A4040 /* BackgroundView.swift in Sources */ = {isa = PBXBuildFile; fileRef = 4AF540E028F8E0F0006A4040 /* BackgroundView.swift */; };
		4AF8FB73291FEC5F00861F0A /* README.md in Resources */ = {isa = PBXBuildFile; fileRef = 4AF8FB72291FEC5F00861F0A /* README.md */; };
		AE409D985BD8B91F0005743E /* Pods_CrashBuddy.framework in Frameworks */ = {isa = PBXBuildFile; fileRef = 703342699BEF194533FCC1CD /* Pods_CrashBuddy.framework */; };
/* End PBXBuildFile section */

/* Begin PBXFileReference section */
		009BD6EF54CE8507E8E6619B /* Pods-CrashBuddy.debug.xcconfig */ = {isa = PBXFileReference; includeInIndex = 1; lastKnownFileType = text.xcconfig; name = "Pods-CrashBuddy.debug.xcconfig"; path = "../../Pods/Target Support Files/Pods-CrashBuddy/Pods-CrashBuddy.debug.xcconfig"; sourceTree = "<group>"; };
		17091C8228EEA689006007B5 /* SettingsView.swift */ = {isa = PBXFileReference; lastKnownFileType = sourcecode.swift; path = SettingsView.swift; sourceTree = "<group>"; };
		17091C8428EEA73C006007B5 /* CrashLogView.swift */ = {isa = PBXFileReference; lastKnownFileType = sourcecode.swift; path = CrashLogView.swift; sourceTree = "<group>"; };
		1723514D292D24690000BB6E /* TextEmergencyContact.swift */ = {isa = PBXFileReference; lastKnownFileType = sourcecode.swift; path = TextEmergencyContact.swift; sourceTree = "<group>"; };
		172BE73F291B674B0076B0F0 /* CrashStore.swift */ = {isa = PBXFileReference; lastKnownFileType = sourcecode.swift; name = CrashStore.swift; path = CrashBuddy/Stores/CrashStore.swift; sourceTree = SOURCE_ROOT; };
		177D734428FDA93E001B5F11 /* CrashCard.swift */ = {isa = PBXFileReference; lastKnownFileType = sourcecode.swift; path = CrashCard.swift; sourceTree = "<group>"; };
		177D734628FDDBA8001B5F11 /* CrashView.swift */ = {isa = PBXFileReference; lastKnownFileType = sourcecode.swift; path = CrashView.swift; sourceTree = "<group>"; };
		1E275D5E2910A79B007964B9 /* SettingsActivityProfilesView.swift */ = {isa = PBXFileReference; lastKnownFileType = sourcecode.swift; path = SettingsActivityProfilesView.swift; sourceTree = "<group>"; };
		1E3E8A072926F8C40077F008 /* SettingsEmergencyContactsViewModel.swift */ = {isa = PBXFileReference; lastKnownFileType = sourcecode.swift; name = SettingsEmergencyContactsViewModel.swift; path = CrashBuddy/ViewModels/Settings/SettingsEmergencyContactsViewModel.swift; sourceTree = SOURCE_ROOT; };
		1E3E8A0929270E100077F008 /* SettingsStore.swift */ = {isa = PBXFileReference; lastKnownFileType = sourcecode.swift; name = SettingsStore.swift; path = CrashBuddy/Stores/SettingsStore.swift; sourceTree = SOURCE_ROOT; };
		1E52BF422912043B0072643F /* SettingEmergencyContactsView.swift */ = {isa = PBXFileReference; lastKnownFileType = sourcecode.swift; path = SettingEmergencyContactsView.swift; sourceTree = "<group>"; };
		1E52BF44291204B60072643F /* SettingDebugSubView.swift */ = {isa = PBXFileReference; lastKnownFileType = sourcecode.swift; path = SettingDebugSubView.swift; sourceTree = "<group>"; };
		1E83191B29256B19003E9D2E /* SettingsModel.swift */ = {isa = PBXFileReference; lastKnownFileType = sourcecode.swift; name = SettingsModel.swift; path = CrashBuddy/Models/Settings/SettingsModel.swift; sourceTree = SOURCE_ROOT; };
		1E83191D29256DB5003E9D2E /* DebugModel.swift */ = {isa = PBXFileReference; lastKnownFileType = sourcecode.swift; name = DebugModel.swift; path = CrashBuddy/Models/Settings/DebugModel.swift; sourceTree = SOURCE_ROOT; };
		1E83191F292570BA003E9D2E /* EmergencyContactsModel.swift */ = {isa = PBXFileReference; lastKnownFileType = sourcecode.swift; name = EmergencyContactsModel.swift; path = CrashBuddy/Models/Settings/EmergencyContactsModel.swift; sourceTree = SOURCE_ROOT; };
		1E83192329258C00003E9D2E /* SettingsActivitiesProfilesViewModel.swift */ = {isa = PBXFileReference; lastKnownFileType = sourcecode.swift; name = SettingsActivitiesProfilesViewModel.swift; path = CrashBuddy/ViewModels/Settings/SettingsActivitiesProfilesViewModel.swift; sourceTree = SOURCE_ROOT; };
		1E83192529259B7A003E9D2E /* SettingDebugViewModel.swift */ = {isa = PBXFileReference; lastKnownFileType = sourcecode.swift; name = SettingDebugViewModel.swift; path = CrashBuddy/ViewModels/Settings/SettingDebugViewModel.swift; sourceTree = SOURCE_ROOT; };
		1E8E28592929885800F286AB /* SettingsViewModel.swift */ = {isa = PBXFileReference; lastKnownFileType = sourcecode.swift; name = SettingsViewModel.swift; path = CrashBuddy/ViewModels/Settings/SettingsViewModel.swift; sourceTree = SOURCE_ROOT; };
		1EFF69D2292545E90082C8F8 /* ActivityProfilesModel.swift */ = {isa = PBXFileReference; lastKnownFileType = sourcecode.swift; name = ActivityProfilesModel.swift; path = CrashBuddy/Models/Settings/ActivityProfilesModel.swift; sourceTree = SOURCE_ROOT; };
		4A4CB80F2925CF060085A315 /* AssetColors.swift */ = {isa = PBXFileReference; lastKnownFileType = sourcecode.swift; path = AssetColors.swift; sourceTree = "<group>"; };
		4A4CB8112926B9260085A315 /* PeripheralDataModel.swift */ = {isa = PBXFileReference; lastKnownFileType = sourcecode.swift; path = PeripheralDataModel.swift; sourceTree = "<group>"; };
		4A5472172906013F00B7FEE7 /* BluetoothLECentral.swift */ = {isa = PBXFileReference; lastKnownFileType = sourcecode.swift; path = BluetoothLECentral.swift; sourceTree = "<group>"; };
		4A54721A2906019E00B7FEE7 /* CoreBluetooth.framework */ = {isa = PBXFileReference; lastKnownFileType = wrapper.framework; name = CoreBluetooth.framework; path = System/Library/Frameworks/CoreBluetooth.framework; sourceTree = SDKROOT; };
		4A54721C290601CD00B7FEE7 /* Info.plist */ = {isa = PBXFileReference; lastKnownFileType = text.plist; path = Info.plist; sourceTree = "<group>"; };
		4A54721D2906091A00B7FEE7 /* HomepageViewModel.swift */ = {isa = PBXFileReference; lastKnownFileType = sourcecode.swift; path = HomepageViewModel.swift; sourceTree = "<group>"; };
		4A5936152935580E008A2CF5 /* LocationManager.swift */ = {isa = PBXFileReference; lastKnownFileType = sourcecode.swift; path = LocationManager.swift; sourceTree = "<group>"; };
		4A59361729355976008A2CF5 /* CoreLocation.framework */ = {isa = PBXFileReference; lastKnownFileType = wrapper.framework; name = CoreLocation.framework; path = System/Library/Frameworks/CoreLocation.framework; sourceTree = SDKROOT; };
		4A9F202728CFC0550068BB24 /* CrashBuddy.app */ = {isa = PBXFileReference; explicitFileType = wrapper.application; includeInIndex = 0; path = CrashBuddy.app; sourceTree = BUILT_PRODUCTS_DIR; };
		4A9F202A28CFC0550068BB24 /* CrashBuddyApp.swift */ = {isa = PBXFileReference; lastKnownFileType = sourcecode.swift; path = CrashBuddyApp.swift; sourceTree = "<group>"; };
		4A9F202C28CFC0550068BB24 /* ContentView.swift */ = {isa = PBXFileReference; lastKnownFileType = sourcecode.swift; name = ContentView.swift; path = ../ContentView.swift; sourceTree = "<group>"; };
		4A9F202E28CFC0560068BB24 /* Assets.xcassets */ = {isa = PBXFileReference; lastKnownFileType = folder.assetcatalog; path = Assets.xcassets; sourceTree = "<group>"; };
		4A9F203128CFC0560068BB24 /* Preview Assets.xcassets */ = {isa = PBXFileReference; lastKnownFileType = folder.assetcatalog; path = "Preview Assets.xcassets"; sourceTree = "<group>"; };
		4AF540DC28F8B020006A4040 /* CrashChart.swift */ = {isa = PBXFileReference; lastKnownFileType = sourcecode.swift; path = CrashChart.swift; sourceTree = "<group>"; };
		4AF540DE28F8CB42006A4040 /* CrashDataModel.swift */ = {isa = PBXFileReference; lastKnownFileType = sourcecode.swift; name = CrashDataModel.swift; path = CrashBuddy/Views/CrashDataModel.swift; sourceTree = SOURCE_ROOT; };
		4AF540E028F8E0F0006A4040 /* BackgroundView.swift */ = {isa = PBXFileReference; lastKnownFileType = sourcecode.swift; path = BackgroundView.swift; sourceTree = "<group>"; };
		4AF8FB72291FEC5F00861F0A /* README.md */ = {isa = PBXFileReference; fileEncoding = 4; lastKnownFileType = net.daringfireball.markdown; path = README.md; sourceTree = "<group>"; };
		59EFAC2D953D4551D0E2CA65 /* Pods-CrashBuddy.release.xcconfig */ = {isa = PBXFileReference; includeInIndex = 1; lastKnownFileType = text.xcconfig; name = "Pods-CrashBuddy.release.xcconfig"; path = "../../Pods/Target Support Files/Pods-CrashBuddy/Pods-CrashBuddy.release.xcconfig"; sourceTree = "<group>"; };
		703342699BEF194533FCC1CD /* Pods_CrashBuddy.framework */ = {isa = PBXFileReference; explicitFileType = wrapper.framework; includeInIndex = 0; path = Pods_CrashBuddy.framework; sourceTree = BUILT_PRODUCTS_DIR; };
/* End PBXFileReference section */

/* Begin PBXFrameworksBuildPhase section */
		4A9F202428CFC0550068BB24 /* Frameworks */ = {
			isa = PBXFrameworksBuildPhase;
			buildActionMask = 2147483647;
			files = (
				4A59361829355977008A2CF5 /* CoreLocation.framework in Frameworks */,
				AE409D985BD8B91F0005743E /* Pods_CrashBuddy.framework in Frameworks */,
				178A204D292D2BA90095C00F /* Alamofire in Frameworks */,
				4A54721B2906019F00B7FEE7 /* CoreBluetooth.framework in Frameworks */,
			);
			runOnlyForDeploymentPostprocessing = 0;
		};
/* End PBXFrameworksBuildPhase section */

/* Begin PBXGroup section */
		4A4CB80D2925CE770085A315 /* Stores */ = {
			isa = PBXGroup;
			children = (
				1E3E8A0929270E100077F008 /* SettingsStore.swift */,
				172BE73F291B674B0076B0F0 /* CrashStore.swift */,
			);
			path = Stores;
			sourceTree = "<group>";
		};
		4A4CB80E2925CEBC0085A315 /* Resources */ = {
			isa = PBXGroup;
			children = (
				4A9F202E28CFC0560068BB24 /* Assets.xcassets */,
				4A4CB80F2925CF060085A315 /* AssetColors.swift */,
			);
			path = Resources;
			sourceTree = "<group>";
		};
		4A53BE9128CFC35A0078C21C /* Models */ = {
			isa = PBXGroup;
			children = (
				4A59360F2932DBDB008A2CF5 /* Settings */,
				4AF540DE28F8CB42006A4040 /* CrashDataModel.swift */,
				4A4CB8112926B9260085A315 /* PeripheralDataModel.swift */,
			);
			path = Models;
			sourceTree = "<group>";
		};
		4A53BE9228CFC3630078C21C /* ViewModels */ = {
			isa = PBXGroup;
			children = (
				4A5936102932DBFE008A2CF5 /* Settings */,
				4A54721D2906091A00B7FEE7 /* HomepageViewModel.swift */,
			);
			path = ViewModels;
			sourceTree = "<group>";
		};
		4A547216290600DE00B7FEE7 /* Services */ = {
			isa = PBXGroup;
			children = (
				4AF8FB72291FEC5F00861F0A /* README.md */,
				4A5472172906013F00B7FEE7 /* BluetoothLECentral.swift */,
				1723514D292D24690000BB6E /* TextEmergencyContact.swift */,
				4A5936152935580E008A2CF5 /* LocationManager.swift */,
			);
			path = Services;
			sourceTree = "<group>";
		};
		4A5472192906019E00B7FEE7 /* Frameworks */ = {
			isa = PBXGroup;
			children = (
				4A59361729355976008A2CF5 /* CoreLocation.framework */,
				4A54721A2906019E00B7FEE7 /* CoreBluetooth.framework */,
				703342699BEF194533FCC1CD /* Pods_CrashBuddy.framework */,
			);
			name = Frameworks;
			sourceTree = "<group>";
		};
		4A59360E2932DBB0008A2CF5 /* Settings */ = {
			isa = PBXGroup;
			children = (
				17091C8228EEA689006007B5 /* SettingsView.swift */,
				1E275D5E2910A79B007964B9 /* SettingsActivityProfilesView.swift */,
				1E52BF422912043B0072643F /* SettingEmergencyContactsView.swift */,
				1E52BF44291204B60072643F /* SettingDebugSubView.swift */,
			);
			path = Settings;
			sourceTree = "<group>";
		};
		4A59360F2932DBDB008A2CF5 /* Settings */ = {
			isa = PBXGroup;
			children = (
				1EFF69D2292545E90082C8F8 /* ActivityProfilesModel.swift */,
				1E83191B29256B19003E9D2E /* SettingsModel.swift */,
				1E83191D29256DB5003E9D2E /* DebugModel.swift */,
				1E83191F292570BA003E9D2E /* EmergencyContactsModel.swift */,
			);
			path = Settings;
			sourceTree = "<group>";
		};
		4A5936102932DBFE008A2CF5 /* Settings */ = {
			isa = PBXGroup;
			children = (
				1E83192329258C00003E9D2E /* SettingsActivitiesProfilesViewModel.swift */,
				1E83192529259B7A003E9D2E /* SettingDebugViewModel.swift */,
				1E3E8A072926F8C40077F008 /* SettingsEmergencyContactsViewModel.swift */,
				1E8E28592929885800F286AB /* SettingsViewModel.swift */,
			);
			path = Settings;
			sourceTree = "<group>";
		};
		4A9F201E28CFC0550068BB24 = {
			isa = PBXGroup;
			children = (
				B31D48B7E8A0A481AC6B5DF0 /* Pods */,
				4A9F202928CFC0550068BB24 /* CrashBuddy */,
				4A9F202828CFC0550068BB24 /* Products */,
				4A5472192906019E00B7FEE7 /* Frameworks */,
			);
			sourceTree = "<group>";
		};
		4A9F202828CFC0550068BB24 /* Products */ = {
			isa = PBXGroup;
			children = (
				4A9F202728CFC0550068BB24 /* CrashBuddy.app */,
			);
			name = Products;
			sourceTree = "<group>";
		};
		4A9F202928CFC0550068BB24 /* CrashBuddy */ = {
			isa = PBXGroup;
			children = (
				4A4CB80E2925CEBC0085A315 /* Resources */,
				4A4CB80D2925CE770085A315 /* Stores */,
				4A547216290600DE00B7FEE7 /* Services */,
				4A53BE9228CFC3630078C21C /* ViewModels */,
				4A53BE9128CFC35A0078C21C /* Models */,
				4A9F203828CFC25C0068BB24 /* Views */,
				4A9F202A28CFC0550068BB24 /* CrashBuddyApp.swift */,
				4A54721C290601CD00B7FEE7 /* Info.plist */,
				4A9F203028CFC0560068BB24 /* Preview Content */,
			);
			path = CrashBuddy;
			sourceTree = "<group>";
		};
		4A9F203028CFC0560068BB24 /* Preview Content */ = {
			isa = PBXGroup;
			children = (
				4A9F203128CFC0560068BB24 /* Preview Assets.xcassets */,
			);
			path = "Preview Content";
			sourceTree = "<group>";
		};
		4A9F203828CFC25C0068BB24 /* Views */ = {
			isa = PBXGroup;
			children = (
				4A59360E2932DBB0008A2CF5 /* Settings */,
				4A9F202C28CFC0550068BB24 /* ContentView.swift */,
				17091C8428EEA73C006007B5 /* CrashLogView.swift */,
				4AF540E028F8E0F0006A4040 /* BackgroundView.swift */,
				4AF540DC28F8B020006A4040 /* CrashChart.swift */,
				177D734428FDA93E001B5F11 /* CrashCard.swift */,
				177D734628FDDBA8001B5F11 /* CrashView.swift */,
			);
			path = Views;
			sourceTree = "<group>";
		};
		B31D48B7E8A0A481AC6B5DF0 /* Pods */ = {
			isa = PBXGroup;
			children = (
				009BD6EF54CE8507E8E6619B /* Pods-CrashBuddy.debug.xcconfig */,
				59EFAC2D953D4551D0E2CA65 /* Pods-CrashBuddy.release.xcconfig */,
			);
			name = Pods;
			path = CrashBuddy/Pods;
			sourceTree = "<group>";
		};
/* End PBXGroup section */

/* Begin PBXNativeTarget section */
		4A9F202628CFC0550068BB24 /* CrashBuddy */ = {
			isa = PBXNativeTarget;
			buildConfigurationList = 4A9F203528CFC0560068BB24 /* Build configuration list for PBXNativeTarget "CrashBuddy" */;
			buildPhases = (
				0E13043E1E9BF38BA8C8183E /* [CP] Check Pods Manifest.lock */,
				4A9F202328CFC0550068BB24 /* Sources */,
				4A9F202428CFC0550068BB24 /* Frameworks */,
				4A9F202528CFC0550068BB24 /* Resources */,
				06B3EE98868CA63B432A57F1 /* [CP] Embed Pods Frameworks */,
			);
			buildRules = (
			);
			dependencies = (
			);
			name = CrashBuddy;
			packageProductDependencies = (
				178A204C292D2BA90095C00F /* Alamofire */,
			);
			productName = CrashBuddy;
			productReference = 4A9F202728CFC0550068BB24 /* CrashBuddy.app */;
			productType = "com.apple.product-type.application";
		};
/* End PBXNativeTarget section */

/* Begin PBXProject section */
		4A9F201F28CFC0550068BB24 /* Project object */ = {
			isa = PBXProject;
			attributes = {
				BuildIndependentTargetsInParallel = 1;
				LastSwiftUpdateCheck = 1340;
				LastUpgradeCheck = 1340;
				TargetAttributes = {
					4A9F202628CFC0550068BB24 = {
						CreatedOnToolsVersion = 13.4.1;
					};
				};
			};
			buildConfigurationList = 4A9F202228CFC0550068BB24 /* Build configuration list for PBXProject "CrashBuddy" */;
			compatibilityVersion = "Xcode 13.0";
			developmentRegion = en;
			hasScannedForEncodings = 0;
			knownRegions = (
				en,
				Base,
			);
			mainGroup = 4A9F201E28CFC0550068BB24;
			packageReferences = (
				178A204B292D2BA90095C00F /* XCRemoteSwiftPackageReference "Alamofire" */,
			);
			productRefGroup = 4A9F202828CFC0550068BB24 /* Products */;
			projectDirPath = "";
			projectRoot = "";
			targets = (
				4A9F202628CFC0550068BB24 /* CrashBuddy */,
			);
		};
/* End PBXProject section */

/* Begin PBXResourcesBuildPhase section */
		4A9F202528CFC0550068BB24 /* Resources */ = {
			isa = PBXResourcesBuildPhase;
			buildActionMask = 2147483647;
			files = (
				4AF8FB73291FEC5F00861F0A /* README.md in Resources */,
				4A9F203228CFC0560068BB24 /* Preview Assets.xcassets in Resources */,
				4A9F202F28CFC0560068BB24 /* Assets.xcassets in Resources */,
			);
			runOnlyForDeploymentPostprocessing = 0;
		};
/* End PBXResourcesBuildPhase section */

/* Begin PBXShellScriptBuildPhase section */
		06B3EE98868CA63B432A57F1 /* [CP] Embed Pods Frameworks */ = {
			isa = PBXShellScriptBuildPhase;
			buildActionMask = 2147483647;
			files = (
			);
			inputFileListPaths = (
				"${PODS_ROOT}/Target Support Files/Pods-CrashBuddy/Pods-CrashBuddy-frameworks-${CONFIGURATION}-input-files.xcfilelist",
			);
			name = "[CP] Embed Pods Frameworks";
			outputFileListPaths = (
				"${PODS_ROOT}/Target Support Files/Pods-CrashBuddy/Pods-CrashBuddy-frameworks-${CONFIGURATION}-output-files.xcfilelist",
			);
			runOnlyForDeploymentPostprocessing = 0;
			shellPath = /bin/sh;
			shellScript = "\"${PODS_ROOT}/Target Support Files/Pods-CrashBuddy/Pods-CrashBuddy-frameworks.sh\"\n";
			showEnvVarsInLog = 0;
		};
		0E13043E1E9BF38BA8C8183E /* [CP] Check Pods Manifest.lock */ = {
			isa = PBXShellScriptBuildPhase;
			buildActionMask = 2147483647;
			files = (
			);
			inputFileListPaths = (
			);
			inputPaths = (
				"${PODS_PODFILE_DIR_PATH}/Podfile.lock",
				"${PODS_ROOT}/Manifest.lock",
			);
			name = "[CP] Check Pods Manifest.lock";
			outputFileListPaths = (
			);
			outputPaths = (
				"$(DERIVED_FILE_DIR)/Pods-CrashBuddy-checkManifestLockResult.txt",
			);
			runOnlyForDeploymentPostprocessing = 0;
			shellPath = /bin/sh;
			shellScript = "diff \"${PODS_PODFILE_DIR_PATH}/Podfile.lock\" \"${PODS_ROOT}/Manifest.lock\" > /dev/null\nif [ $? != 0 ] ; then\n    # print error to STDERR\n    echo \"error: The sandbox is not in sync with the Podfile.lock. Run 'pod install' or update your CocoaPods installation.\" >&2\n    exit 1\nfi\n# This output is used by Xcode 'outputs' to avoid re-running this script phase.\necho \"SUCCESS\" > \"${SCRIPT_OUTPUT_FILE_0}\"\n";
			showEnvVarsInLog = 0;
		};
/* End PBXShellScriptBuildPhase section */

/* Begin PBXSourcesBuildPhase section */
		4A9F202328CFC0550068BB24 /* Sources */ = {
			isa = PBXSourcesBuildPhase;
			buildActionMask = 2147483647;
			files = (
				1E3E8A082926F8C40077F008 /* SettingsEmergencyContactsViewModel.swift in Sources */,
				1E8E285A2929885800F286AB /* SettingsViewModel.swift in Sources */,
				1E83191C29256B19003E9D2E /* SettingsModel.swift in Sources */,
				1E275D5F2910A79B007964B9 /* SettingsActivityProfilesView.swift in Sources */,
				1E3E8A0A29270E100077F008 /* SettingsStore.swift in Sources */,
				1EFF69D3292545E90082C8F8 /* ActivityProfilesModel.swift in Sources */,
				1E83191E29256DB5003E9D2E /* DebugModel.swift in Sources */,
				1E52BF432912043B0072643F /* SettingEmergencyContactsView.swift in Sources */,
				1E83192629259B7A003E9D2E /* SettingDebugViewModel.swift in Sources */,
				1E83192429258C00003E9D2E /* SettingsActivitiesProfilesViewModel.swift in Sources */,
				17091C8328EEA689006007B5 /* SettingsView.swift in Sources */,
				4A9F202D28CFC0550068BB24 /* ContentView.swift in Sources */,
				1E52BF45291204B60072643F /* SettingDebugSubView.swift in Sources */,
				17091C8528EEA73C006007B5 /* CrashLogView.swift in Sources */,
				4A5472182906013F00B7FEE7 /* BluetoothLECentral.swift in Sources */,
				4AF540E128F8E0F0006A4040 /* BackgroundView.swift in Sources */,
				177D734528FDA93E001B5F11 /* CrashCard.swift in Sources */,
				177D734728FDDBA8001B5F11 /* CrashView.swift in Sources */,
				172BE740291B674B0076B0F0 /* CrashStore.swift in Sources */,
				4A54721E2906091A00B7FEE7 /* HomepageViewModel.swift in Sources */,
				4AF540DD28F8B020006A4040 /* CrashChart.swift in Sources */,
				4AF540DF28F8CB42006A4040 /* CrashDataModel.swift in Sources */,
				4A9F202B28CFC0550068BB24 /* CrashBuddyApp.swift in Sources */,
				1723514E292D24690000BB6E /* TextEmergencyContact.swift in Sources */,
				4A5936162935580E008A2CF5 /* LocationManager.swift in Sources */,
				1E831920292570BA003E9D2E /* EmergencyContactsModel.swift in Sources */,
				4A4CB8102925CF070085A315 /* AssetColors.swift in Sources */,
				4A4CB8122926B9260085A315 /* PeripheralDataModel.swift in Sources */,
			);
			runOnlyForDeploymentPostprocessing = 0;
		};
/* End PBXSourcesBuildPhase section */

/* Begin XCBuildConfiguration section */
		4A9F203328CFC0560068BB24 /* Debug */ = {
			isa = XCBuildConfiguration;
			buildSettings = {
				ALWAYS_SEARCH_USER_PATHS = NO;
				CLANG_ANALYZER_NONNULL = YES;
				CLANG_ANALYZER_NUMBER_OBJECT_CONVERSION = YES_AGGRESSIVE;
				CLANG_CXX_LANGUAGE_STANDARD = "gnu++17";
				CLANG_ENABLE_MODULES = YES;
				CLANG_ENABLE_OBJC_ARC = YES;
				CLANG_ENABLE_OBJC_WEAK = YES;
				CLANG_WARN_BLOCK_CAPTURE_AUTORELEASING = YES;
				CLANG_WARN_BOOL_CONVERSION = YES;
				CLANG_WARN_COMMA = YES;
				CLANG_WARN_CONSTANT_CONVERSION = YES;
				CLANG_WARN_DEPRECATED_OBJC_IMPLEMENTATIONS = YES;
				CLANG_WARN_DIRECT_OBJC_ISA_USAGE = YES_ERROR;
				CLANG_WARN_DOCUMENTATION_COMMENTS = YES;
				CLANG_WARN_EMPTY_BODY = YES;
				CLANG_WARN_ENUM_CONVERSION = YES;
				CLANG_WARN_INFINITE_RECURSION = YES;
				CLANG_WARN_INT_CONVERSION = YES;
				CLANG_WARN_NON_LITERAL_NULL_CONVERSION = YES;
				CLANG_WARN_OBJC_IMPLICIT_RETAIN_SELF = YES;
				CLANG_WARN_OBJC_LITERAL_CONVERSION = YES;
				CLANG_WARN_OBJC_ROOT_CLASS = YES_ERROR;
				CLANG_WARN_QUOTED_INCLUDE_IN_FRAMEWORK_HEADER = YES;
				CLANG_WARN_RANGE_LOOP_ANALYSIS = YES;
				CLANG_WARN_STRICT_PROTOTYPES = YES;
				CLANG_WARN_SUSPICIOUS_MOVE = YES;
				CLANG_WARN_UNGUARDED_AVAILABILITY = YES_AGGRESSIVE;
				CLANG_WARN_UNREACHABLE_CODE = YES;
				CLANG_WARN__DUPLICATE_METHOD_MATCH = YES;
				COPY_PHASE_STRIP = NO;
				DEBUG_INFORMATION_FORMAT = dwarf;
				ENABLE_STRICT_OBJC_MSGSEND = YES;
				ENABLE_TESTABILITY = YES;
				GCC_C_LANGUAGE_STANDARD = gnu11;
				GCC_DYNAMIC_NO_PIC = NO;
				GCC_NO_COMMON_BLOCKS = YES;
				GCC_OPTIMIZATION_LEVEL = 0;
				GCC_PREPROCESSOR_DEFINITIONS = (
					"DEBUG=1",
					"$(inherited)",
				);
				GCC_WARN_64_TO_32_BIT_CONVERSION = YES;
				GCC_WARN_ABOUT_RETURN_TYPE = YES_ERROR;
				GCC_WARN_UNDECLARED_SELECTOR = YES;
				GCC_WARN_UNINITIALIZED_AUTOS = YES_AGGRESSIVE;
				GCC_WARN_UNUSED_FUNCTION = YES;
				GCC_WARN_UNUSED_VARIABLE = YES;
				IPHONEOS_DEPLOYMENT_TARGET = 15.5;
				MTL_ENABLE_DEBUG_INFO = INCLUDE_SOURCE;
				MTL_FAST_MATH = YES;
				ONLY_ACTIVE_ARCH = YES;
				SDKROOT = iphoneos;
				SWIFT_ACTIVE_COMPILATION_CONDITIONS = DEBUG;
				SWIFT_OPTIMIZATION_LEVEL = "-Onone";
			};
			name = Debug;
		};
		4A9F203428CFC0560068BB24 /* Release */ = {
			isa = XCBuildConfiguration;
			buildSettings = {
				ALWAYS_SEARCH_USER_PATHS = NO;
				CLANG_ANALYZER_NONNULL = YES;
				CLANG_ANALYZER_NUMBER_OBJECT_CONVERSION = YES_AGGRESSIVE;
				CLANG_CXX_LANGUAGE_STANDARD = "gnu++17";
				CLANG_ENABLE_MODULES = YES;
				CLANG_ENABLE_OBJC_ARC = YES;
				CLANG_ENABLE_OBJC_WEAK = YES;
				CLANG_WARN_BLOCK_CAPTURE_AUTORELEASING = YES;
				CLANG_WARN_BOOL_CONVERSION = YES;
				CLANG_WARN_COMMA = YES;
				CLANG_WARN_CONSTANT_CONVERSION = YES;
				CLANG_WARN_DEPRECATED_OBJC_IMPLEMENTATIONS = YES;
				CLANG_WARN_DIRECT_OBJC_ISA_USAGE = YES_ERROR;
				CLANG_WARN_DOCUMENTATION_COMMENTS = YES;
				CLANG_WARN_EMPTY_BODY = YES;
				CLANG_WARN_ENUM_CONVERSION = YES;
				CLANG_WARN_INFINITE_RECURSION = YES;
				CLANG_WARN_INT_CONVERSION = YES;
				CLANG_WARN_NON_LITERAL_NULL_CONVERSION = YES;
				CLANG_WARN_OBJC_IMPLICIT_RETAIN_SELF = YES;
				CLANG_WARN_OBJC_LITERAL_CONVERSION = YES;
				CLANG_WARN_OBJC_ROOT_CLASS = YES_ERROR;
				CLANG_WARN_QUOTED_INCLUDE_IN_FRAMEWORK_HEADER = YES;
				CLANG_WARN_RANGE_LOOP_ANALYSIS = YES;
				CLANG_WARN_STRICT_PROTOTYPES = YES;
				CLANG_WARN_SUSPICIOUS_MOVE = YES;
				CLANG_WARN_UNGUARDED_AVAILABILITY = YES_AGGRESSIVE;
				CLANG_WARN_UNREACHABLE_CODE = YES;
				CLANG_WARN__DUPLICATE_METHOD_MATCH = YES;
				COPY_PHASE_STRIP = NO;
				DEBUG_INFORMATION_FORMAT = "dwarf-with-dsym";
				ENABLE_NS_ASSERTIONS = NO;
				ENABLE_STRICT_OBJC_MSGSEND = YES;
				GCC_C_LANGUAGE_STANDARD = gnu11;
				GCC_NO_COMMON_BLOCKS = YES;
				GCC_WARN_64_TO_32_BIT_CONVERSION = YES;
				GCC_WARN_ABOUT_RETURN_TYPE = YES_ERROR;
				GCC_WARN_UNDECLARED_SELECTOR = YES;
				GCC_WARN_UNINITIALIZED_AUTOS = YES_AGGRESSIVE;
				GCC_WARN_UNUSED_FUNCTION = YES;
				GCC_WARN_UNUSED_VARIABLE = YES;
				IPHONEOS_DEPLOYMENT_TARGET = 15.5;
				MTL_ENABLE_DEBUG_INFO = NO;
				MTL_FAST_MATH = YES;
				SDKROOT = iphoneos;
				SWIFT_COMPILATION_MODE = wholemodule;
				SWIFT_OPTIMIZATION_LEVEL = "-O";
				VALIDATE_PRODUCT = YES;
			};
			name = Release;
		};
		4A9F203628CFC0560068BB24 /* Debug */ = {
			isa = XCBuildConfiguration;
			baseConfigurationReference = 009BD6EF54CE8507E8E6619B /* Pods-CrashBuddy.debug.xcconfig */;
			buildSettings = {
				ASSETCATALOG_COMPILER_APPICON_NAME = AppIcon;
				ASSETCATALOG_COMPILER_GLOBAL_ACCENT_COLOR_NAME = AccentColor;
				CODE_SIGN_STYLE = Automatic;
				CURRENT_PROJECT_VERSION = 1;
				DEVELOPMENT_ASSET_PATHS = "\"CrashBuddy/Preview Content\"";
				DEVELOPMENT_TEAM = C7GST4SKG3;
				ENABLE_PREVIEWS = YES;
				GENERATE_INFOPLIST_FILE = YES;
				INFOPLIST_FILE = CrashBuddy/Info.plist;
				INFOPLIST_KEY_NSBluetoothAlwaysUsageDescription = "Our app uses bluetooth to find, connect and transfer data between different devices";
				INFOPLIST_KEY_NSLocationWhenInUseUsageDescription = "Our app uses user location to alert emergency contacts if a crash is detected";
				INFOPLIST_KEY_UIApplicationSceneManifest_Generation = YES;
				INFOPLIST_KEY_UIApplicationSupportsIndirectInputEvents = YES;
				INFOPLIST_KEY_UILaunchScreen_Generation = YES;
				INFOPLIST_KEY_UISupportedInterfaceOrientations_iPad = "UIInterfaceOrientationPortrait UIInterfaceOrientationPortraitUpsideDown UIInterfaceOrientationLandscapeLeft UIInterfaceOrientationLandscapeRight";
				INFOPLIST_KEY_UISupportedInterfaceOrientations_iPhone = "UIInterfaceOrientationPortrait UIInterfaceOrientationLandscapeLeft UIInterfaceOrientationLandscapeRight";
				IPHONEOS_DEPLOYMENT_TARGET = 16.0;
				LD_RUNPATH_SEARCH_PATHS = (
					"$(inherited)",
					"@executable_path/Frameworks",
				);
				MARKETING_VERSION = 1.0;
				PRODUCT_BUNDLE_IDENTIFIER = "com.capstone-c5.CrashBuddy";
				PRODUCT_NAME = "$(TARGET_NAME)";
				SWIFT_EMIT_LOC_STRINGS = YES;
				SWIFT_VERSION = 5.0;
				TARGETED_DEVICE_FAMILY = "1,2";
			};
			name = Debug;
		};
		4A9F203728CFC0560068BB24 /* Release */ = {
			isa = XCBuildConfiguration;
			baseConfigurationReference = 59EFAC2D953D4551D0E2CA65 /* Pods-CrashBuddy.release.xcconfig */;
			buildSettings = {
				ASSETCATALOG_COMPILER_APPICON_NAME = AppIcon;
				ASSETCATALOG_COMPILER_GLOBAL_ACCENT_COLOR_NAME = AccentColor;
				CODE_SIGN_STYLE = Automatic;
				CURRENT_PROJECT_VERSION = 1;
				DEVELOPMENT_ASSET_PATHS = "\"CrashBuddy/Preview Content\"";
				DEVELOPMENT_TEAM = C7GST4SKG3;
				ENABLE_PREVIEWS = YES;
				GENERATE_INFOPLIST_FILE = YES;
				INFOPLIST_FILE = CrashBuddy/Info.plist;
				INFOPLIST_KEY_NSBluetoothAlwaysUsageDescription = "Our app uses bluetooth to find, connect and transfer data between different devices";
				INFOPLIST_KEY_NSLocationWhenInUseUsageDescription = "Our app uses user location to alert emergency contacts if a crash is detected";
				INFOPLIST_KEY_UIApplicationSceneManifest_Generation = YES;
				INFOPLIST_KEY_UIApplicationSupportsIndirectInputEvents = YES;
				INFOPLIST_KEY_UILaunchScreen_Generation = YES;
				INFOPLIST_KEY_UISupportedInterfaceOrientations_iPad = "UIInterfaceOrientationPortrait UIInterfaceOrientationPortraitUpsideDown UIInterfaceOrientationLandscapeLeft UIInterfaceOrientationLandscapeRight";
				INFOPLIST_KEY_UISupportedInterfaceOrientations_iPhone = "UIInterfaceOrientationPortrait UIInterfaceOrientationLandscapeLeft UIInterfaceOrientationLandscapeRight";
				IPHONEOS_DEPLOYMENT_TARGET = 16.0;
				LD_RUNPATH_SEARCH_PATHS = (
					"$(inherited)",
					"@executable_path/Frameworks",
				);
				MARKETING_VERSION = 1.0;
				PRODUCT_BUNDLE_IDENTIFIER = "com.capstone-c5.CrashBuddy";
				PRODUCT_NAME = "$(TARGET_NAME)";
				SWIFT_EMIT_LOC_STRINGS = YES;
				SWIFT_VERSION = 5.0;
				TARGETED_DEVICE_FAMILY = "1,2";
			};
			name = Release;
		};
/* End XCBuildConfiguration section */

/* Begin XCConfigurationList section */
		4A9F202228CFC0550068BB24 /* Build configuration list for PBXProject "CrashBuddy" */ = {
			isa = XCConfigurationList;
			buildConfigurations = (
				4A9F203328CFC0560068BB24 /* Debug */,
				4A9F203428CFC0560068BB24 /* Release */,
			);
			defaultConfigurationIsVisible = 0;
			defaultConfigurationName = Release;
		};
		4A9F203528CFC0560068BB24 /* Build configuration list for PBXNativeTarget "CrashBuddy" */ = {
			isa = XCConfigurationList;
			buildConfigurations = (
				4A9F203628CFC0560068BB24 /* Debug */,
				4A9F203728CFC0560068BB24 /* Release */,
			);
			defaultConfigurationIsVisible = 0;
			defaultConfigurationName = Release;
		};
/* End XCConfigurationList section */

/* Begin XCRemoteSwiftPackageReference section */
		178A204B292D2BA90095C00F /* XCRemoteSwiftPackageReference "Alamofire" */ = {
			isa = XCRemoteSwiftPackageReference;
			repositoryURL = "https://github.com/Alamofire/Alamofire";
			requirement = {
				kind = upToNextMajorVersion;
				minimumVersion = 5.0.0;
			};
		};
/* End XCRemoteSwiftPackageReference section */

/* Begin XCSwiftPackageProductDependency section */
		178A204C292D2BA90095C00F /* Alamofire */ = {
			isa = XCSwiftPackageProductDependency;
			package = 178A204B292D2BA90095C00F /* XCRemoteSwiftPackageReference "Alamofire" */;
			productName = Alamofire;
		};
/* End XCSwiftPackageProductDependency section */
	};
	rootObject = 4A9F201F28CFC0550068BB24 /* Project object */;
}
